
Microsoft Visual Studio Solution File, Format Version 12.00
# Visual Studio Version 16
VisualStudioVersion = 16.0.29306.81
MinimumVisualStudioVersion = 10.0.40219.1
Project("{FAE04EC0-301F-11D3-BF4B-00C04F79EFBC}") = "CellularAutomata", "CellularAutomata\CellularAutomata.csproj", "{94F8190B-EE06-46B2-B35F-B0856B0FEE0C}"
EndProject
Project("{FAE04EC0-301F-11D3-BF4B-00C04F79EFBC}") = "ConsoleTestingApp", "ConsoleTestingApp\ConsoleTestingApp.csproj", "{0F4084F9-C794-4FDF-8AC2-56969C73A412}"
EndProject
Project("{FAE04EC0-301F-11D3-BF4B-00C04F79EFBC}") = "Visualizer", "Visualizer\Visualizer.csproj", "{FB64B062-FEC3-492E-B552-DD48391AF157}"
EndProject
Project("{FAE04EC0-301F-11D3-BF4B-00C04F79EFBC}") = "TestingLibrary", "TestingLibrary\TestingLibrary.csproj", "{54D1B4E1-B473-4831-BF6C-23C173C7426F}"
EndProject
Project("{FAE04EC0-301F-11D3-BF4B-00C04F79EFBC}") = "AutomatasGallery", "AutomatasGallerty\AutomatasGallery.csproj", "{1B7ABC24-5334-4F88-B4DC-77F819379D87}"
EndProject
Global
	GlobalSection(SolutionConfigurationPlatforms) = preSolution
		Debug|Any CPU = Debug|Any CPU
		Release|Any CPU = Release|Any CPU
	EndGlobalSection
	GlobalSection(ProjectConfigurationPlatforms) = postSolution
		{94F8190B-EE06-46B2-B35F-B0856B0FEE0C}.Debug|Any CPU.ActiveCfg = Debug|Any CPU
		{94F8190B-EE06-46B2-B35F-B0856B0FEE0C}.Debug|Any CPU.Build.0 = Debug|Any CPU
		{94F8190B-EE06-46B2-B35F-B0856B0FEE0C}.Release|Any CPU.ActiveCfg = Release|Any CPU
		{94F8190B-EE06-46B2-B35F-B0856B0FEE0C}.Release|Any CPU.Build.0 = Release|Any CPU
		{0F4084F9-C794-4FDF-8AC2-56969C73A412}.Debug|Any CPU.ActiveCfg = Debug|Any CPU
		{0F4084F9-C794-4FDF-8AC2-56969C73A412}.Debug|Any CPU.Build.0 = Debug|Any CPU
		{0F4084F9-C794-4FDF-8AC2-56969C73A412}.Release|Any CPU.ActiveCfg = Release|Any CPU
		{0F4084F9-C794-4FDF-8AC2-56969C73A412}.Release|Any CPU.Build.0 = Release|Any CPU
		{FB64B062-FEC3-492E-B552-DD48391AF157}.Debug|Any CPU.ActiveCfg = Debug|Any CPU
		{FB64B062-FEC3-492E-B552-DD48391AF157}.Debug|Any CPU.Build.0 = Debug|Any CPU
		{FB64B062-FEC3-492E-B552-DD48391AF157}.Release|Any CPU.ActiveCfg = Release|Any CPU
		{FB64B062-FEC3-492E-B552-DD48391AF157}.Release|Any CPU.Build.0 = Release|Any CPU
		{54D1B4E1-B473-4831-BF6C-23C173C7426F}.Debug|Any CPU.ActiveCfg = Debug|Any CPU
		{54D1B4E1-B473-4831-BF6C-23C173C7426F}.Debug|Any CPU.Build.0 = Debug|Any CPU
		{54D1B4E1-B473-4831-BF6C-23C173C7426F}.Release|Any CPU.ActiveCfg = Release|Any CPU
		{54D1B4E1-B473-4831-BF6C-23C173C7426F}.Release|Any CPU.Build.0 = Release|Any CPU
		{1B7ABC24-5334-4F88-B4DC-77F819379D87}.Debug|Any CPU.ActiveCfg = Debug|Any CPU
		{1B7ABC24-5334-4F88-B4DC-77F819379D87}.Debug|Any CPU.Build.0 = Debug|Any CPU
		{1B7ABC24-5334-4F88-B4DC-77F819379D87}.Release|Any CPU.ActiveCfg = Release|Any CPU
		{1B7ABC24-5334-4F88-B4DC-77F819379D87}.Release|Any CPU.Build.0 = Release|Any CPU
	EndGlobalSection
	GlobalSection(SolutionProperties) = preSolution
		HideSolutionNode = FALSE
	EndGlobalSection
	GlobalSection(ExtensibilityGlobals) = postSolution
		SolutionGuid = {7436F734-EF1E-45A4-AF25-197CDA47B481}
	EndGlobalSection
EndGlobal
